{
  "name": "backend",
  "version": "1.0.0",
  "lockfileVersion": 3,
  "requires": true,
  "packages": {
    "": {
      "name": "backend",
      "version": "1.0.0",
      "license": "ISC",
      "dependencies": {
        "bcrypt": "^6.0.0",
        "cors": "^2.8.6",
        "dotenv": "^17.3.1",
        "express": "^5.2.1",
        "jsonwebtoken": "^9.0.3",
        "mysql2": "^3.18.1",
        "multer": "^2.1.0",
        "sharp": "^0.34.5"
      },
      "devDependencies": {
        "@types/bcrypt": "^6.0.0",
        "@types/cors": "^2.8.19",
        "@types/express": "^5.0.6",
        "@types/jsonwebtoken": "^9.0.10",
        "@types/node": "^25.3.0",
        "@types/multer": "^2.0.0",
        "@types/sharp": "^0.31.1",
        "nodemon": "^3.1.14",
        "ts-node": "^10.9.2",
        "ts-node-dev": "^2.0.0",
        "typescript": "^5.9.3"
      }
    },
    "node_modules/@emnapi/runtime": {
      "version": "1.8.1",
      "resolved": "https://registry.npmjs.org/@emnapi/runtime/-/runtime-1.8.1.tgz",
      "integrity": "sha512-mehfKSMWjjNo18659Z8KxEMrdSJDDot5SXMq00dM8BN4o+CLNXQ0xH2V7EchNHV4RmbZLmmPdEaXZc5H2FXmDg==",
      "license": "MIT",
      "optional": true,
      "dependencies": {
        "tslib": "^2.4.0"
      }
    },
    "node_modules/@img/sharp-win32-x64": {
      "version": "0.34.5",
      "resolved": "https://registry.npmjs.org/@img/sharp-win32-x64/-/sharp-win32-x64-0.34.5.tgz",
      "integrity": "sha512-+Z9YMsQyY2/9EfEiW93eqWnuLcWcufowXewwSNIT6UwZDUuCrM3oFjMWH/Z6/TMmb4h1fenmfAVbpWeup2jryCw==",
      "cpu": [
        "x64"
      ],
      "license": "Apache-2.0 AND LGPL-3.0-or-later",
      "optional": true,
      "os": [
        "win32"
      ]
    }
  }
}